// !$*UTF8*$!
{
	archiveVersion = 1;
	classes = {
	};
	objectVersion = 46;
	objects = {

/* Begin PBXBuildFile section */
		58DAA9531D1396DE00C6919A /* main.m in Sources */ = {isa = PBXBuildFile; fileRef = 58DAA9521D1396DE00C6919A /* main.m */; };
		58DAA9561D1396DE00C6919A /* AppDelegate.m in Sources */ = {isa = PBXBuildFile; fileRef = 58DAA9551D1396DE00C6919A /* AppDelegate.m */; };
		58DAA95C1D1396DE00C6919A /* Main.storyboard in Resources */ = {isa = PBXBuildFile; fileRef = 58DAA95A1D1396DE00C6919A /* Main.storyboard */; };
		58DAA95F1D1396DE00C6919A /* YoushuGou.xcdatamodeld in Sources */ = {isa = PBXBuildFile; fileRef = 58DAA95D1D1396DE00C6919A /* YoushuGou.xcdatamodeld */; };
		58DAA9611D1396DE00C6919A /* Assets.xcassets in Resources */ = {isa = PBXBuildFile; fileRef = 58DAA9601D1396DE00C6919A /* Assets.xcassets */; };
		58DAA9641D1396DE00C6919A /* LaunchScreen.storyboard in Resources */ = {isa = PBXBuildFile; fileRef = 58DAA9621D1396DE00C6919A /* LaunchScreen.storyboard */; };
		58DAA96F1D1396DE00C6919A /* YoushuGouUITests.m in Sources */ = {isa = PBXBuildFile; fileRef = 58DAA96E1D1396DE00C6919A /* YoushuGouUITests.m */; };
		58DAA97C1D13971F00C6919A /* registerViewController.m in Sources */ = {isa = PBXBuildFile; fileRef = 58DAA97B1D13971F00C6919A /* registerViewController.m */; };
		58DAA97F1D13973600C6919A /* loginViewController.m in Sources */ = {isa = PBXBuildFile; fileRef = 58DAA97E1D13973600C6919A /* loginViewController.m */; };
		58DAA9821D13974600C6919A /* homeViewController.m in Sources */ = {isa = PBXBuildFile; fileRef = 58DAA9811D13974600C6919A /* homeViewController.m */; };
		58DAA9851D139B9800C6919A /* recommandViewController.m in Sources */ = {isa = PBXBuildFile; fileRef = 58DAA9841D139B9800C6919A /* recommandViewController.m */; };
		58DAA98A1D13E33A00C6919A /* AFNetworking in Resources */ = {isa = PBXBuildFile; fileRef = 58DAA9891D13E33A00C6919A /* AFNetworking */; };
/* End PBXBuildFile section */

/* Begin PBXContainerItemProxy section */
		58DAA96B1D1396DE00C6919A /* PBXContainerItemProxy */ = {
			isa = PBXContainerItemProxy;
			containerPortal = 58DAA9461D1396DE00C6919A /* Project object */;
			proxyType = 1;
			remoteGlobalIDString = 58DAA94D1D1396DE00C6919A;
			remoteInfo = YoushuGou;
		};
/* End PBXContainerItemProxy section */

/* Begin PBXFileReference section */
		58DAA94E1D1396DE00C6919A /* YoushuGou.app */ = {isa = PBXFileReference; explicitFileType = wrapper.application; includeInIndex = 0; path = YoushuGou.app; sourceTree = BUILT_PRODUCTS_DIR; };
		58DAA9521D1396DE00C6919A /* main.m */ = {isa = PBXFileReference; lastKnownFileType = sourcecode.c.objc; path = main.m; sourceTree = "<group>"; };
		58DAA9541D1396DE00C6919A /* AppDelegate.h */ = {isa = PBXFileReference; lastKnownFileType = sourcecode.c.h; path = AppDelegate.h; sourceTree = "<group>"; };
		58DAA9551D1396DE00C6919A /* AppDelegate.m */ = {isa = PBXFileReference; lastKnownFileType = sourcecode.c.objc; path = AppDelegate.m; sourceTree = "<group>"; };
		58DAA95B1D1396DE00C6919A /* Base */ = {isa = PBXFileReference; lastKnownFileType = file.storyboard; name = Base; path = Base.lproj/Main.storyboard; sourceTree = "<group>"; };
		58DAA95E1D1396DE00C6919A /* YoushuGou.xcdatamodel */ = {isa = PBXFileReference; lastKnownFileType = wrapper.xcdatamodel; path = YoushuGou.xcdatamodel; sourceTree = "<group>"; };
		58DAA9601D1396DE00C6919A /* Assets.xcassets */ = {isa = PBXFileReference; lastKnownFileType = folder.assetcatalog; path = Assets.xcassets; sourceTree = "<group>"; };
		58DAA9631D1396DE00C6919A /* Base */ = {isa = PBXFileReference; lastKnownFileType = file.storyboard; name = Base; path = Base.lproj/LaunchScreen.storyboard; sourceTree = "<group>"; };
		58DAA9651D1396DE00C6919A /* Info.plist */ = {isa = PBXFileReference; lastKnownFileType = text.plist.xml; path = Info.plist; sourceTree = "<group>"; };
		58DAA96A1D1396DE00C6919A /* YoushuGouUITests.xctest */ = {isa = PBXFileReference; explicitFileType = wrapper.cfbundle; includeInIndex = 0; path = YoushuGouUITests.xctest; sourceTree = BUILT_PRODUCTS_DIR; };
		58DAA96E1D1396DE00C6919A /* YoushuGouUITests.m */ = {isa = PBXFileReference; lastKnownFileType = sourcecode.c.objc; path = YoushuGouUITests.m; sourceTree = "<group>"; };
		58DAA9701D1396DE00C6919A /* Info.plist */ = {isa = PBXFileReference; lastKnownFileType = text.plist.xml; path = Info.plist; sourceTree = "<group>"; };
		58DAA97A1D13971F00C6919A /* registerViewController.h */ = {isa = PBXFileReference; fileEncoding = 4; lastKnownFileType = sourcecode.c.h; path = registerViewController.h; sourceTree = "<group>"; };
		58DAA97B1D13971F00C6919A /* registerViewController.m */ = {isa = PBXFileReference; fileEncoding = 4; lastKnownFileType = sourcecode.c.objc; path = registerViewController.m; sourceTree = "<group>"; };
		58DAA97D1D13973600C6919A /* loginViewController.h */ = {isa = PBXFileReference; fileEncoding = 4; lastKnownFileType = sourcecode.c.h; path = loginViewController.h; sourceTree = "<group>"; };
		58DAA97E1D13973600C6919A /* loginViewController.m */ = {isa = PBXFileReference; fileEncoding = 4; lastKnownFileType = sourcecode.c.objc; path = loginViewController.m; sourceTree = "<group>"; };
		58DAA9801D13974600C6919A /* homeViewController.h */ = {isa = PBXFileReference; fileEncoding = 4; lastKnownFileType = sourcecode.c.h; path = homeViewController.h; sourceTree = "<group>"; };
		58DAA9811D13974600C6919A /* homeViewController.m */ = {isa = PBXFileReference; fileEncoding = 4; lastKnownFileType = sourcecode.c.objc; path = homeViewController.m; sourceTree = "<group>"; };
		58DAA9831D139B9800C6919A /* recommandViewController.h */ = {isa = PBXFileReference; fileEncoding = 4; lastKnownFileType = sourcecode.c.h; path = recommandViewController.h; sourceTree = "<group>"; };
		58DAA9841D139B9800C6919A /* recommandViewController.m */ = {isa = PBXFileReference; fileEncoding = 4; lastKnownFileType = sourcecode.c.objc; path = recommandViewController.m; sourceTree = "<group>"; };
		58DAA9891D13E33A00C6919A /* AFNetworking */ = {isa = PBXFileReference; lastKnownFileType = folder; path = AFNetworking; sourceTree = "<group>"; };
/* End PBXFileReference section */

/* Begin PBXFrameworksBuildPhase section */
		58DAA94B1D1396DE00C6919A /* Frameworks */ = {
			isa = PBXFrameworksBuildPhase;
			buildActionMask = 2147483647;
			files = (
			);
			runOnlyForDeploymentPostprocessing = 0;
		};
		58DAA9671D1396DE00C6919A /* Frameworks */ = {
			isa = PBXFrameworksBuildPhase;
			buildActionMask = 2147483647;
			files = (
			);
			runOnlyForDeploymentPostprocessing = 0;
		};
/* End PBXFrameworksBuildPhase section */

/* Begin PBXGroup section */
		58DAA9451D1396DE00C6919A = {
			isa = PBXGroup;
			children = (
				58DAA9861D13ABD600C6919A /* Lib */,
				58DAA9791D1396F900C6919A /* Controller */,
				58DAA9501D1396DE00C6919A /* YoushuGou */,
				58DAA96D1D1396DE00C6919A /* YoushuGouUITests */,
				58DAA94F1D1396DE00C6919A /* Products */,
			);
			sourceTree = "<group>";
		};
		58DAA94F1D1396DE00C6919A /* Products */ = {
			isa = PBXGroup;
			children = (
				58DAA94E1D1396DE00C6919A /* YoushuGou.app */,
				58DAA96A1D1396DE00C6919A /* YoushuGouUITests.xctest */,
			);
			name = Products;
			sourceTree = "<group>";
		};
		58DAA9501D1396DE00C6919A /* YoushuGou */ = {
			isa = PBXGroup;
			children = (
				58DAA9541D1396DE00C6919A /* AppDelegate.h */,
				58DAA9551D1396DE00C6919A /* AppDelegate.m */,
				58DAA95A1D1396DE00C6919A /* Main.storyboard */,
				58DAA9601D1396DE00C6919A /* Assets.xcassets */,
				58DAA9621D1396DE00C6919A /* LaunchScreen.storyboard */,
				58DAA9651D1396DE00C6919A /* Info.plist */,
				58DAA95D1D1396DE00C6919A /* YoushuGou.xcdatamodeld */,
				58DAA9511D1396DE00C6919A /* Supporting Files */,
			);
			path = YoushuGou;
			sourceTree = "<group>";
		};
		58DAA9511D1396DE00C6919A /* Supporting Files */ = {
			isa = PBXGroup;
			children = (
				58DAA9521D1396DE00C6919A /* main.m */,
			);
			name = "Supporting Files";
			sourceTree = "<group>";
		};
		58DAA96D1D1396DE00C6919A /* YoushuGouUITests */ = {
			isa = PBXGroup;
			children = (
				58DAA96E1D1396DE00C6919A /* YoushuGouUITests.m */,
				58DAA9701D1396DE00C6919A /* Info.plist */,
			);
			path = YoushuGouUITests;
			sourceTree = "<group>";
		};
		58DAA9791D1396F900C6919A /* Controller */ = {
			isa = PBXGroup;
			children = (
				58DAA97A1D13971F00C6919A /* registerViewController.h */,
				58DAA97B1D13971F00C6919A /* registerViewController.m */,
				58DAA97D1D13973600C6919A /* loginViewController.h */,
				58DAA97E1D13973600C6919A /* loginViewController.m */,
				58DAA9801D13974600C6919A /* homeViewController.h */,
				58DAA9811D13974600C6919A /* homeViewController.m */,
				58DAA9831D139B9800C6919A /* recommandViewController.h */,
				58DAA9841D139B9800C6919A /* recommandViewController.m */,
			);
			name = Controller;
			path = YoushuGou;
			sourceTree = "<group>";
		};
		58DAA9861D13ABD600C6919A /* Lib */ = {
			isa = PBXGroup;
			children = (
				58DAA9891D13E33A00C6919A /* AFNetworking */,
			);
			name = Lib;
			sourceTree = "<group>";
		};
/* End PBXGroup section */

/* Begin PBXNativeTarget section */
		58DAA94D1D1396DE00C6919A /* YoushuGou */ = {
			isa = PBXNativeTarget;
			buildConfigurationList = 58DAA9731D1396DE00C6919A /* Build configuration list for PBXNativeTarget "YoushuGou" */;
			buildPhases = (
				58DAA94A1D1396DE00C6919A /* Sources */,
				58DAA94B1D1396DE00C6919A /* Frameworks */,
				58DAA94C1D1396DE00C6919A /* Resources */,
			);
			buildRules = (
			);
			dependencies = (
			);
			name = YoushuGou;
			productName = YoushuGou;
			productReference = 58DAA94E1D1396DE00C6919A /* YoushuGou.app */;
			productType = "com.apple.product-type.application";
		};
		58DAA9691D1396DE00C6919A /* YoushuGouUITests */ = {
			isa = PBXNativeTarget;
			buildConfigurationList = 58DAA9761D1396DE00C6919A /* Build configuration list for PBXNativeTarget "YoushuGouUITests" */;
			buildPhases = (
				58DAA9661D1396DE00C6919A /* Sources */,
				58DAA9671D1396DE00C6919A /* Frameworks */,
				58DAA9681D1396DE00C6919A /* Resources */,
			);
			buildRules = (
			);
			dependencies = (
				58DAA96C1D1396DE00C6919A /* PBXTargetDependency */,
			);
			name = YoushuGouUITests;
			productName = YoushuGouUITests;
			productReference = 58DAA96A1D1396DE00C6919A /* YoushuGouUITests.xctest */;
			productType = "com.apple.product-type.bundle.ui-testing";
		};
/* End PBXNativeTarget section */

/* Begin PBXProject section */
		58DAA9461D1396DE00C6919A /* Project object */ = {
			isa = PBXProject;
			attributes = {
				LastUpgradeCheck = 0720;
				ORGANIZATIONNAME = "苏丽荣";
				TargetAttributes = {
					58DAA94D1D1396DE00C6919A = {
						CreatedOnToolsVersion = 7.2.1;
						DevelopmentTeam = 6G8N5LTZ38;
					};
					58DAA9691D1396DE00C6919A = {
						CreatedOnToolsVersion = 7.2.1;
						DevelopmentTeam = 6G8N5LTZ38;
						TestTargetID = 58DAA94D1D1396DE00C6919A;
					};
				};
			};
			buildConfigurationList = 58DAA9491D1396DE00C6919A /* Build configuration list for PBXProject "YoushuGou" */;
			compatibilityVersion = "Xcode 3.2";
			developmentRegion = English;
			hasScannedForEncodings = 0;
			knownRegions = (
				en,
				Base,
			);
			mainGroup = 58DAA9451D1396DE00C6919A;
			productRefGroup = 58DAA94F1D1396DE00C6919A /* Products */;
			projectDirPath = "";
			projectRoot = "";
			targets = (
				58DAA94D1D1396DE00C6919A /* YoushuGou */,
				58DAA9691D1396DE00C6919A /* YoushuGouUITests */,
			);
		};
/* End PBXProject section */

/* Begin PBXResourcesBuildPhase section */
		58DAA94C1D1396DE00C6919A /* Resources */ = {
			isa = PBXResourcesBuildPhase;
			buildActionMask = 2147483647;
			files = (
				58DAA9641D1396DE00C6919A /* LaunchScreen.storyboard in Resources */,
				58DAA9611D1396DE00C6919A /* Assets.xcassets in Resources */,
				58DAA95C1D1396DE00C6919A /* Main.storyboard in Resources */,
				58DAA98A1D13E33A00C6919A /* AFNetworking in Resources */,
			);
			runOnlyForDeploymentPostprocessing = 0;
		};
		58DAA9681D1396DE00C6919A /* Resources */ = {
			isa = PBXResourcesBuildPhase;
			buildActionMask = 2147483647;
			files = (
			);
			runOnlyForDeploymentPostprocessing = 0;
		};
/* End PBXResourcesBuildPhase section */

/* Begin PBXSourcesBuildPhase section */
		58DAA94A1D1396DE00C6919A /* Sources */ = {
			isa = PBXSourcesBuildPhase;
			buildActionMask = 2147483647;
			files = (
				58DAA9561D1396DE00C6919A /* AppDelegate.m in Sources */,
				58DAA97F1D13973600C6919A /* loginViewController.m in Sources */,
				58DAA95F1D1396DE00C6919A /* YoushuGou.xcdatamodeld in Sources */,
				58DAA9531D1396DE00C6919A /* main.m in Sources */,
				58DAA97C1D13971F00C6919A /* registerViewController.m in Sources */,
				58DAA9821D13974600C6919A /* homeViewController.m in Sources */,
				58DAA9851D139B9800C6919A /* recommandViewController.m in Sources */,
			);
			runOnlyForDeploymentPostprocessing = 0;
		};
		58DAA9661D1396DE00C6919A /* Sources */ = {
			isa = PBXSourcesBuildPhase;
			buildActionMask = 2147483647;
			files = (
				58DAA96F1D1396DE00C6919A /* YoushuGouUITests.m in Sources */,
			);
			runOnlyForDeploymentPostprocessing = 0;
		};
/* End PBXSourcesBuildPhase section */

/* Begin PBXTargetDependency section */
		58DAA96C1D1396DE00C6919A /* PBXTargetDependency */ = {
			isa = PBXTargetDependency;
			target = 58DAA94D1D1396DE00C6919A /* YoushuGou */;
			targetProxy = 58DAA96B1D1396DE00C6919A /* PBXContainerItemProxy */;
		};
/* End PBXTargetDependency section */

/* Begin PBXVariantGroup section */
		58DAA95A1D1396DE00C6919A /* Main.storyboard */ = {
			isa = PBXVariantGroup;
			children = (
				58DAA95B1D1396DE00C6919A /* Base */,
			);
			name = Main.storyboard;
			sourceTree = "<group>";
		};
		58DAA9621D1396DE00C6919A /* LaunchScreen.storyboard */ = {
			isa = PBXVariantGroup;
			children = (
				58DAA9631D1396DE00C6919A /* Base */,
			);
			name = LaunchScreen.storyboard;
			sourceTree = "<group>";
		};
/* End PBXVariantGroup section */

/* Begin XCBuildConfiguration section */
		58DAA9711D1396DE00C6919A /* Debug */ = {
			isa = XCBuildConfiguration;
			buildSettings = {
				ALWAYS_SEARCH_USER_PATHS = NO;
				CLANG_CXX_LANGUAGE_STANDARD = "gnu++0x";
				CLANG_CXX_LIBRARY = "libc++";
				CLANG_ENABLE_MODULES = YES;
				CLANG_ENABLE_OBJC_ARC = YES;
				CLANG_WARN_BOOL_CONVERSION = YES;
				CLANG_WARN_CONSTANT_CONVERSION = YES;
				CLANG_WARN_DIRECT_OBJC_ISA_USAGE = YES_ERROR;
				CLANG_WARN_EMPTY_BODY = YES;
				CLANG_WARN_ENUM_CONVERSION = YES;
				CLANG_WARN_INT_CONVERSION = YES;
				CLANG_WARN_OBJC_ROOT_CLASS = YES_ERROR;
				CLANG_WARN_UNREACHABLE_CODE = YES;
				CLANG_WARN__DUPLICATE_METHOD_MATCH = YES;
				"CODE_SIGN_IDENTITY[sdk=iphoneos*]" = "iPhone Developer";
				COPY_PHASE_STRIP = NO;
				DEBUG_INFORMATION_FORMAT = dwarf;
				ENABLE_STRICT_OBJC_MSGSEND = YES;
				ENABLE_TESTABILITY = YES;
				GCC_C_LANGUAGE_STANDARD = gnu99;
				GCC_DYNAMIC_NO_PIC = NO;
				GCC_NO_COMMON_BLOCKS = YES;
				GCC_OPTIMIZATION_LEVEL = 0;
				GCC_PREPROCESSOR_DEFINITIONS = (
					"DEBUG=1",
					"$(inherited)",
				);
				GCC_WARN_64_TO_32_BIT_CONVERSION = YES;
				GCC_WARN_ABOUT_RETURN_TYPE = YES_ERROR;
				GCC_WARN_UNDECLARED_SELECTOR = YES;
				GCC_WARN_UNINITIALIZED_AUTOS = YES_AGGRESSIVE;
				GCC_WARN_UNUSED_FUNCTION = YES;
				GCC_WARN_UNUSED_VARIABLE = YES;
				IPHONEOS_DEPLOYMENT_TARGET = 9.2;
				MTL_ENABLE_DEBUG_INFO = YES;
				ONLY_ACTIVE_ARCH = YES;
				SDKROOT = iphoneos;
			};
			name = Debug;
		};
		58DAA9721D1396DE00C6919A /* Release */ = {
			isa = XCBuildConfiguration;
			buildSettings = {
				ALWAYS_SEARCH_USER_PATHS = NO;
				CLANG_CXX_LANGUAGE_STANDARD = "gnu++0x";
				CLANG_CXX_LIBRARY = "libc++";
				CLANG_ENABLE_MODULES = YES;
				CLANG_ENABLE_OBJC_ARC = YES;
				CLANG_WARN_BOOL_CONVERSION = YES;
				CLANG_WARN_CONSTANT_CONVERSION = YES;
				CLANG_WARN_DIRECT_OBJC_ISA_USAGE = YES_ERROR;
				CLANG_WARN_EMPTY_BODY = YES;
				CLANG_WARN_ENUM_CONVERSION = YES;
				CLANG_WARN_INT_CONVERSION = YES;
				CLANG_WARN_OBJC_ROOT_CLASS = YES_ERROR;
				CLANG_WARN_UNREACHABLE_CODE = YES;
				CLANG_WARN__DUPLICATE_METHOD_MATCH = YES;
				"CODE_SIGN_IDENTITY[sdk=iphoneos*]" = "iPhone Developer";
				COPY_PHASE_STRIP = NO;
				DEBUG_INFORMATION_FORMAT = "dwarf-with-dsym";
				ENABLE_NS_ASSERTIONS = NO;
				ENABLE_STRICT_OBJC_MSGSEND = YES;
				GCC_C_LANGUAGE_STANDARD = gnu99;
				GCC_NO_COMMON_BLOCKS = YES;
				GCC_WARN_64_TO_32_BIT_CONVERSION = YES;
				GCC_WARN_ABOUT_RETURN_TYPE = YES_ERROR;
				GCC_WARN_UNDECLARED_SELECTOR = YES;
				GCC_WARN_UNINITIALIZED_AUTOS = YES_AGGRESSIVE;
				GCC_WARN_UNUSED_FUNCTION = YES;
				GCC_WARN_UNUSED_VARIABLE = YES;
				IPHONEOS_DEPLOYMENT_TARGET = 9.2;
				MTL_ENABLE_DEBUG_INFO = NO;
				SDKROOT = iphoneos;
				VALIDATE_PRODUCT = YES;
			};
			name = Release;
		};
		58DAA9741D1396DE00C6919A /* Debug */ = {
			isa = XCBuildConfiguration;
			buildSettings = {
				ASSETCATALOG_COMPILER_APPICON_NAME = AppIcon;
				INFOPLIST_FILE = YoushuGou/Info.plist;
				LD_RUNPATH_SEARCH_PATHS = "$(inherited) @executable_path/Frameworks";
				PRODUCT_BUNDLE_IDENTIFIER = com.thinkofsomethingclever.YoushuGou;
				PRODUCT_NAME = "$(TARGET_NAME)";
			};
			name = Debug;
		};
		58DAA9751D1396DE00C6919A /* Release */ = {
			isa = XCBuildConfiguration;
			buildSettings = {
				ASSETCATALOG_COMPILER_APPICON_NAME = AppIcon;
				INFOPLIST_FILE = YoushuGou/Info.plist;
				LD_RUNPATH_SEARCH_PATHS = "$(inherited) @executable_path/Frameworks";
				PRODUCT_BUNDLE_IDENTIFIER = com.thinkofsomethingclever.YoushuGou;
				PRODUCT_NAME = "$(TARGET_NAME)";
			};
			name = Release;
		};
		58DAA9771D1396DE00C6919A /* Debug */ = {
			isa = XCBuildConfiguration;
			buildSettings = {
				INFOPLIST_FILE = YoushuGouUITests/Info.plist;
				LD_RUNPATH_SEARCH_PATHS = "$(inherited) @executable_path/Frameworks @loader_path/Frameworks";
				PRODUCT_BUNDLE_IDENTIFIER = com.thinkofsomethingclever.YoushuGouUITests;
				PRODUCT_NAME = "$(TARGET_NAME)";
				TEST_TARGET_NAME = YoushuGou;
				USES_XCTRUNNER = YES;
			};
			name = Debug;
		};
		58DAA9781D1396DE00C6919A /* Release */ = {
			isa = XCBuildConfiguration;
			buildSettings = {
				INFOPLIST_FILE = YoushuGouUITests/Info.plist;
				LD_RUNPATH_SEARCH_PATHS = "$(inherited) @executable_path/Frameworks @loader_path/Frameworks";
				PRODUCT_BUNDLE_IDENTIFIER = com.thinkofsomethingclever.YoushuGouUITests;
				PRODUCT_NAME = "$(TARGET_NAME)";
				TEST_TARGET_NAME = YoushuGou;
				USES_XCTRUNNER = YES;
			};
			name = Release;
		};
/* End XCBuildConfiguration section */

/* Begin XCConfigurationList section */
		58DAA9491D1396DE00C6919A /* Build configuration list for PBXProject "YoushuGou" */ = {
			isa = XCConfigurationList;
			buildConfigurations = (
				58DAA9711D1396DE00C6919A /* Debug */,
				58DAA9721D1396DE00C6919A /* Release */,
			);
			defaultConfigurationIsVisible = 0;
			defaultConfigurationName = Release;
		};
		58DAA9731D1396DE00C6919A /* Build configuration list for PBXNativeTarget "YoushuGou" */ = {
			isa = XCConfigurationList;
			buildConfigurations = (
				58DAA9741D1396DE00C6919A /* Debug */,
				58DAA9751D1396DE00C6919A /* Release */,
			);
			defaultConfigurationIsVisible = 0;
		};
		58DAA9761D1396DE00C6919A /* Build configuration list for PBXNativeTarget "YoushuGouUITests" */ = {
			isa = XCConfigurationList;
			buildConfigurations = (
				58DAA9771D1396DE00C6919A /* Debug */,
				58DAA9781D1396DE00C6919A /* Release */,
			);
			defaultConfigurationIsVisible = 0;
		};
/* End XCConfigurationList section */

/* Begin XCVersionGroup section */
		58DAA95D1D1396DE00C6919A /* YoushuGou.xcdatamodeld */ = {
			isa = XCVersionGroup;
			children = (
				58DAA95E1D1396DE00C6919A /* YoushuGou.xcdatamodel */,
			);
			currentVersion = 58DAA95E1D1396DE00C6919A /* YoushuGou.xcdatamodel */;
			path = YoushuGou.xcdatamodeld;
			sourceTree = "<group>";
			versionGroupType = wrapper.xcdatamodel;
		};
/* End XCVersionGroup section */
	};
	rootObject = 58DAA9461D1396DE00C6919A /* Project object */;
}
